
Microsoft Visual Studio Solution File, Format Version 12.00
# Visual Studio Version 17
VisualStudioVersion = 17.13.35825.156
MinimumVisualStudioVersion = 10.0.40219.1
Project("{FAE04EC0-301F-11D3-BF4B-00C04F79EFBC}") = "ProtelAppT", "ProtelAppT.csproj", "{1CE5565A-9AC5-48B5-A0D0-437D43FB012D}"
EndProject
Global
	GlobalSection(SolutionConfigurationPlatforms) = preSolution
		Debug|Any CPU = Debug|Any CPU
		Release|Any CPU = Release|Any CPU
	EndGlobalSection
	GlobalSection(ProjectConfigurationPlatforms) = postSolution
		{1CE5565A-9AC5-48B5-A0D0-437D43FB012D}.Debug|Any CPU.ActiveCfg = Debug|Any CPU
		{1CE5565A-9AC5-48B5-A0D0-437D43FB012D}.Debug|Any CPU.Build.0 = Debug|Any CPU
		{1CE5565A-9AC5-48B5-A0D0-437D43FB012D}.Release|Any CPU.ActiveCfg = Release|Any CPU
		{1CE5565A-9AC5-48B5-A0D0-437D43FB012D}.Release|Any CPU.Build.0 = Release|Any CPU
	EndGlobalSection
	GlobalSection(SolutionProperties) = preSolution
		HideSolutionNode = FALSE
	EndGlobalSection
	GlobalSection(ExtensibilityGlobals) = postSolution
		SolutionGuid = {51CE30ED-1336-4358-8ACE-E33454E53BFA}
	EndGlobalSection
EndGlobal
